// !$*UTF8*$!
{
	archiveVersion = 1;
	classes = {
	};
	objectVersion = 50;
	objects = {

/* Begin PBXBuildFile section */
		6EA31896EE0823F379648CB7 /* Pods_JackzcBaseApp.framework in Frameworks */ = {isa = PBXBuildFile; fileRef = F421608F89B9D10B07177371 /* Pods_JackzcBaseApp.framework */; };
		7A01780121A02B6B000BC160 /* HybridAppRootViewController.swift in Sources */ = {isa = PBXBuildFile; fileRef = 7A01780021A02B6B000BC160 /* HybridAppRootViewController.swift */; };
		7A01780421A3BD6D000BC160 /* SJWebViewViewController.swift in Sources */ = {isa = PBXBuildFile; fileRef = 7A01780321A3BD6D000BC160 /* SJWebViewViewController.swift */; };
		E815AFDD2111535F001E0E10 /* AppDelegate.swift in Sources */ = {isa = PBXBuildFile; fileRef = E815AFDC2111535F001E0E10 /* AppDelegate.swift */; };
		E815AFE421115365001E0E10 /* Assets.xcassets in Resources */ = {isa = PBXBuildFile; fileRef = E815AFE321115365001E0E10 /* Assets.xcassets */; };
		E815AFE721115365001E0E10 /* LaunchScreen.storyboard in Resources */ = {isa = PBXBuildFile; fileRef = E815AFE521115365001E0E10 /* LaunchScreen.storyboard */; };
		E815AFF221115365001E0E10 /* JackzcBaseAppTests.swift in Sources */ = {isa = PBXBuildFile; fileRef = E815AFF121115365001E0E10 /* JackzcBaseAppTests.swift */; };
		E815AFFD21115365001E0E10 /* JackzcBaseAppUITests.swift in Sources */ = {isa = PBXBuildFile; fileRef = E815AFFC21115365001E0E10 /* JackzcBaseAppUITests.swift */; };
		E815B00B211154B9001E0E10 /* AppRootViewController.swift in Sources */ = {isa = PBXBuildFile; fileRef = E815B00A211154B9001E0E10 /* AppRootViewController.swift */; };
		E846761721117EF10042CC17 /* TableRootViewController.swift in Sources */ = {isa = PBXBuildFile; fileRef = E846761621117EF10042CC17 /* TableRootViewController.swift */; };
		E846761E21118F750042CC17 /* VariousCellViewController.swift in Sources */ = {isa = PBXBuildFile; fileRef = E846761D21118F750042CC17 /* VariousCellViewController.swift */; };
		E8467620211198110042CC17 /* JackzcBaseAppConst.swift in Sources */ = {isa = PBXBuildFile; fileRef = E846761F211198110042CC17 /* JackzcBaseAppConst.swift */; };
		E8467622211198F60042CC17 /* AppBaseNavigationController.swift in Sources */ = {isa = PBXBuildFile; fileRef = E8467621211198F60042CC17 /* AppBaseNavigationController.swift */; };
		E846762421119DB50042CC17 /* VariousCellHandle.swift in Sources */ = {isa = PBXBuildFile; fileRef = E846762321119DB50042CC17 /* VariousCellHandle.swift */; };
		E84676262111B1140042CC17 /* AppBaseViewController.swift in Sources */ = {isa = PBXBuildFile; fileRef = E84676252111B1140042CC17 /* AppBaseViewController.swift */; };
		E86DA55421158EE100B468B4 /* Source.swift in Sources */ = {isa = PBXBuildFile; fileRef = E86DA55321158EE100B468B4 /* Source.swift */; };
		E86FD011212FADA100CEC9A1 /* UITableView+Extension.swift in Sources */ = {isa = PBXBuildFile; fileRef = E86FD010212FADA100CEC9A1 /* UITableView+Extension.swift */; };
		E86FD013212FADE200CEC9A1 /* String+Extension.swift in Sources */ = {isa = PBXBuildFile; fileRef = E86FD012212FADE200CEC9A1 /* String+Extension.swift */; };
		E891FD69212E7D9E003FD09D /* DesignPatternRootViewController.swift in Sources */ = {isa = PBXBuildFile; fileRef = E891FD68212E7D9E003FD09D /* DesignPatternRootViewController.swift */; };
		E891FD6B212E8242003FD09D /* AppBaseRootViewController.swift in Sources */ = {isa = PBXBuildFile; fileRef = E891FD6A212E8242003FD09D /* AppBaseRootViewController.swift */; };
		E891FD6E212E88B7003FD09D /* TemplatePatternViewController.swift in Sources */ = {isa = PBXBuildFile; fileRef = E891FD6D212E88B7003FD09D /* TemplatePatternViewController.swift */; };
		E8CDF7DD212D5509003AF7CE /* ArchitectureRootViewController.swift in Sources */ = {isa = PBXBuildFile; fileRef = E8CDF7CB212D5509003AF7CE /* ArchitectureRootViewController.swift */; };
		E8CDF7DE212D5509003AF7CE /* MVCModel.swift in Sources */ = {isa = PBXBuildFile; fileRef = E8CDF7CD212D5509003AF7CE /* MVCModel.swift */; };
		E8CDF7DF212D5509003AF7CE /* MVCTableViewCell.swift in Sources */ = {isa = PBXBuildFile; fileRef = E8CDF7CE212D5509003AF7CE /* MVCTableViewCell.swift */; };
		E8CDF7E0212D5509003AF7CE /* MVCViewController.swift in Sources */ = {isa = PBXBuildFile; fileRef = E8CDF7CF212D5509003AF7CE /* MVCViewController.swift */; };
		E8CDF7E1212D5509003AF7CE /* CommonDataSource.swift in Sources */ = {isa = PBXBuildFile; fileRef = E8CDF7D1212D5509003AF7CE /* CommonDataSource.swift */; };
		E8CDF7E2212D5509003AF7CE /* MVPDataSource.swift in Sources */ = {isa = PBXBuildFile; fileRef = E8CDF7D2212D5509003AF7CE /* MVPDataSource.swift */; };
		E8CDF7E3212D5509003AF7CE /* MVPModel.swift in Sources */ = {isa = PBXBuildFile; fileRef = E8CDF7D3212D5509003AF7CE /* MVPModel.swift */; };
		E8CDF7E4212D5509003AF7CE /* MVPPresent.swift in Sources */ = {isa = PBXBuildFile; fileRef = E8CDF7D4212D5509003AF7CE /* MVPPresent.swift */; };
		E8CDF7E5212D5509003AF7CE /* MVPTableViewCell.swift in Sources */ = {isa = PBXBuildFile; fileRef = E8CDF7D5212D5509003AF7CE /* MVPTableViewCell.swift */; };
		E8CDF7E6212D5509003AF7CE /* MVPViewController.swift in Sources */ = {isa = PBXBuildFile; fileRef = E8CDF7D6212D5509003AF7CE /* MVPViewController.swift */; };
		E8CDF7E7212D5509003AF7CE /* MVModel.swift in Sources */ = {isa = PBXBuildFile; fileRef = E8CDF7D8212D5509003AF7CE /* MVModel.swift */; };
		E8CDF7E8212D5509003AF7CE /* MVTableViewCell.swift in Sources */ = {isa = PBXBuildFile; fileRef = E8CDF7D9212D5509003AF7CE /* MVTableViewCell.swift */; };
		E8CDF7E9212D5509003AF7CE /* MVView.swift in Sources */ = {isa = PBXBuildFile; fileRef = E8CDF7DA212D5509003AF7CE /* MVView.swift */; };
		E8CDF7EA212D5509003AF7CE /* MVViewModel.swift in Sources */ = {isa = PBXBuildFile; fileRef = E8CDF7DB212D5509003AF7CE /* MVViewModel.swift */; };
		E8CDF7EB212D5509003AF7CE /* MVVMViewController.swift in Sources */ = {isa = PBXBuildFile; fileRef = E8CDF7DC212D5509003AF7CE /* MVVMViewController.swift */; };
		E8CDF7F0212D5510003AF7CE /* FrameWorkRootViewController.swift in Sources */ = {isa = PBXBuildFile; fileRef = E8CDF7ED212D5510003AF7CE /* FrameWorkRootViewController.swift */; };
		E8CDF7F1212D5510003AF7CE /* RXSwiftViewController.swift in Sources */ = {isa = PBXBuildFile; fileRef = E8CDF7EF212D5510003AF7CE /* RXSwiftViewController.swift */; };
/* End PBXBuildFile section */

/* Begin PBXContainerItemProxy section */
		E815AFEE21115365001E0E10 /* PBXContainerItemProxy */ = {
			isa = PBXContainerItemProxy;
			containerPortal = E815AFD12111535F001E0E10 /* Project object */;
			proxyType = 1;
			remoteGlobalIDString = E815AFD82111535F001E0E10;
			remoteInfo = JackzcBaseApp;
		};
		E815AFF921115365001E0E10 /* PBXContainerItemProxy */ = {
			isa = PBXContainerItemProxy;
			containerPortal = E815AFD12111535F001E0E10 /* Project object */;
			proxyType = 1;
			remoteGlobalIDString = E815AFD82111535F001E0E10;
			remoteInfo = JackzcBaseApp;
		};
/* End PBXContainerItemProxy section */

/* Begin PBXFileReference section */
		5FD8412DB98737F7EC290B87 /* Pods-JackzcBaseApp.release.xcconfig */ = {isa = PBXFileReference; includeInIndex = 1; lastKnownFileType = text.xcconfig; name = "Pods-JackzcBaseApp.release.xcconfig"; path = "Pods/Target Support Files/Pods-JackzcBaseApp/Pods-JackzcBaseApp.release.xcconfig"; sourceTree = "<group>"; };
		7A01780021A02B6B000BC160 /* HybridAppRootViewController.swift */ = {isa = PBXFileReference; lastKnownFileType = sourcecode.swift; path = HybridAppRootViewController.swift; sourceTree = "<group>"; };
		7A01780321A3BD6D000BC160 /* SJWebViewViewController.swift */ = {isa = PBXFileReference; lastKnownFileType = sourcecode.swift; path = SJWebViewViewController.swift; sourceTree = "<group>"; };
		CBDD4744814C30651F5A6CBC /* Pods-JackzcBaseApp.debug.xcconfig */ = {isa = PBXFileReference; includeInIndex = 1; lastKnownFileType = text.xcconfig; name = "Pods-JackzcBaseApp.debug.xcconfig"; path = "Pods/Target Support Files/Pods-JackzcBaseApp/Pods-JackzcBaseApp.debug.xcconfig"; sourceTree = "<group>"; };
		E815AFD92111535F001E0E10 /* JackzcBaseApp.app */ = {isa = PBXFileReference; explicitFileType = wrapper.application; includeInIndex = 0; path = JackzcBaseApp.app; sourceTree = BUILT_PRODUCTS_DIR; };
		E815AFDC2111535F001E0E10 /* AppDelegate.swift */ = {isa = PBXFileReference; lastKnownFileType = sourcecode.swift; path = AppDelegate.swift; sourceTree = "<group>"; };
		E815AFE321115365001E0E10 /* Assets.xcassets */ = {isa = PBXFileReference; lastKnownFileType = folder.assetcatalog; path = Assets.xcassets; sourceTree = "<group>"; };
		E815AFE621115365001E0E10 /* Base */ = {isa = PBXFileReference; lastKnownFileType = file.storyboard; name = Base; path = Base.lproj/LaunchScreen.storyboard; sourceTree = "<group>"; };
		E815AFE821115365001E0E10 /* Info.plist */ = {isa = PBXFileReference; lastKnownFileType = text.plist.xml; path = Info.plist; sourceTree = "<group>"; };
		E815AFED21115365001E0E10 /* JackzcBaseAppTests.xctest */ = {isa = PBXFileReference; explicitFileType = wrapper.cfbundle; includeInIndex = 0; path = JackzcBaseAppTests.xctest; sourceTree = BUILT_PRODUCTS_DIR; };
		E815AFF121115365001E0E10 /* JackzcBaseAppTests.swift */ = {isa = PBXFileReference; lastKnownFileType = sourcecode.swift; path = JackzcBaseAppTests.swift; sourceTree = "<group>"; };
		E815AFF321115365001E0E10 /* Info.plist */ = {isa = PBXFileReference; lastKnownFileType = text.plist.xml; path = Info.plist; sourceTree = "<group>"; };
		E815AFF821115365001E0E10 /* JackzcBaseAppUITests.xctest */ = {isa = PBXFileReference; explicitFileType = wrapper.cfbundle; includeInIndex = 0; path = JackzcBaseAppUITests.xctest; sourceTree = BUILT_PRODUCTS_DIR; };
		E815AFFC21115365001E0E10 /* JackzcBaseAppUITests.swift */ = {isa = PBXFileReference; lastKnownFileType = sourcecode.swift; path = JackzcBaseAppUITests.swift; sourceTree = "<group>"; };
		E815AFFE21115365001E0E10 /* Info.plist */ = {isa = PBXFileReference; lastKnownFileType = text.plist.xml; path = Info.plist; sourceTree = "<group>"; };
		E815B00A211154B9001E0E10 /* AppRootViewController.swift */ = {isa = PBXFileReference; lastKnownFileType = sourcecode.swift; path = AppRootViewController.swift; sourceTree = "<group>"; };
		E846761621117EF10042CC17 /* TableRootViewController.swift */ = {isa = PBXFileReference; lastKnownFileType = sourcecode.swift; path = TableRootViewController.swift; sourceTree = "<group>"; };
		E846761D21118F750042CC17 /* VariousCellViewController.swift */ = {isa = PBXFileReference; lastKnownFileType = sourcecode.swift; path = VariousCellViewController.swift; sourceTree = "<group>"; };
		E846761F211198110042CC17 /* JackzcBaseAppConst.swift */ = {isa = PBXFileReference; lastKnownFileType = sourcecode.swift; path = JackzcBaseAppConst.swift; sourceTree = "<group>"; };
		E8467621211198F60042CC17 /* AppBaseNavigationController.swift */ = {isa = PBXFileReference; lastKnownFileType = sourcecode.swift; path = AppBaseNavigationController.swift; sourceTree = "<group>"; };
		E846762321119DB50042CC17 /* VariousCellHandle.swift */ = {isa = PBXFileReference; lastKnownFileType = sourcecode.swift; path = VariousCellHandle.swift; sourceTree = "<group>"; };
		E84676252111B1140042CC17 /* AppBaseViewController.swift */ = {isa = PBXFileReference; lastKnownFileType = sourcecode.swift; path = AppBaseViewController.swift; sourceTree = "<group>"; };
		E86DA55321158EE100B468B4 /* Source.swift */ = {isa = PBXFileReference; lastKnownFileType = sourcecode.swift; path = Source.swift; sourceTree = "<group>"; };
		E86FD010212FADA100CEC9A1 /* UITableView+Extension.swift */ = {isa = PBXFileReference; lastKnownFileType = sourcecode.swift; path = "UITableView+Extension.swift"; sourceTree = "<group>"; };
		E86FD012212FADE200CEC9A1 /* String+Extension.swift */ = {isa = PBXFileReference; lastKnownFileType = sourcecode.swift; path = "String+Extension.swift"; sourceTree = "<group>"; };
		E891FD68212E7D9E003FD09D /* DesignPatternRootViewController.swift */ = {isa = PBXFileReference; lastKnownFileType = sourcecode.swift; path = DesignPatternRootViewController.swift; sourceTree = "<group>"; };
		E891FD6A212E8242003FD09D /* AppBaseRootViewController.swift */ = {isa = PBXFileReference; lastKnownFileType = sourcecode.swift; path = AppBaseRootViewController.swift; sourceTree = "<group>"; };
		E891FD6D212E88B7003FD09D /* TemplatePatternViewController.swift */ = {isa = PBXFileReference; lastKnownFileType = sourcecode.swift; path = TemplatePatternViewController.swift; sourceTree = "<group>"; };
		E8CDF7CB212D5509003AF7CE /* ArchitectureRootViewController.swift */ = {isa = PBXFileReference; fileEncoding = 4; lastKnownFileType = sourcecode.swift; path = ArchitectureRootViewController.swift; sourceTree = "<group>"; };
		E8CDF7CD212D5509003AF7CE /* MVCModel.swift */ = {isa = PBXFileReference; fileEncoding = 4; lastKnownFileType = sourcecode.swift; path = MVCModel.swift; sourceTree = "<group>"; };
		E8CDF7CE212D5509003AF7CE /* MVCTableViewCell.swift */ = {isa = PBXFileReference; fileEncoding = 4; lastKnownFileType = sourcecode.swift; path = MVCTableViewCell.swift; sourceTree = "<group>"; };
		E8CDF7CF212D5509003AF7CE /* MVCViewController.swift */ = {isa = PBXFileReference; fileEncoding = 4; lastKnownFileType = sourcecode.swift; path = MVCViewController.swift; sourceTree = "<group>"; };
		E8CDF7D1212D5509003AF7CE /* CommonDataSource.swift */ = {isa = PBXFileReference; fileEncoding = 4; lastKnownFileType = sourcecode.swift; path = CommonDataSource.swift; sourceTree = "<group>"; };
		E8CDF7D2212D5509003AF7CE /* MVPDataSource.swift */ = {isa = PBXFileReference; fileEncoding = 4; lastKnownFileType = sourcecode.swift; path = MVPDataSource.swift; sourceTree = "<group>"; };
		E8CDF7D3212D5509003AF7CE /* MVPModel.swift */ = {isa = PBXFileReference; fileEncoding = 4; lastKnownFileType = sourcecode.swift; path = MVPModel.swift; sourceTree = "<group>"; };
		E8CDF7D4212D5509003AF7CE /* MVPPresent.swift */ = {isa = PBXFileReference; fileEncoding = 4; lastKnownFileType = sourcecode.swift; path = MVPPresent.swift; sourceTree = "<group>"; };
		E8CDF7D5212D5509003AF7CE /* MVPTableViewCell.swift */ = {isa = PBXFileReference; fileEncoding = 4; lastKnownFileType = sourcecode.swift; path = MVPTableViewCell.swift; sourceTree = "<group>"; };
		E8CDF7D6212D5509003AF7CE /* MVPViewController.swift */ = {isa = PBXFileReference; fileEncoding = 4; lastKnownFileType = sourcecode.swift; path = MVPViewController.swift; sourceTree = "<group>"; };
		E8CDF7D8212D5509003AF7CE /* MVModel.swift */ = {isa = PBXFileReference; fileEncoding = 4; lastKnownFileType = sourcecode.swift; path = MVModel.swift; sourceTree = "<group>"; };
		E8CDF7D9212D5509003AF7CE /* MVTableViewCell.swift */ = {isa = PBXFileReference; fileEncoding = 4; lastKnownFileType = sourcecode.swift; path = MVTableViewCell.swift; sourceTree = "<group>"; };
		E8CDF7DA212D5509003AF7CE /* MVView.swift */ = {isa = PBXFileReference; fileEncoding = 4; lastKnownFileType = sourcecode.swift; path = MVView.swift; sourceTree = "<group>"; };
		E8CDF7DB212D5509003AF7CE /* MVViewModel.swift */ = {isa = PBXFileReference; fileEncoding = 4; lastKnownFileType = sourcecode.swift; path = MVViewModel.swift; sourceTree = "<group>"; };
		E8CDF7DC212D5509003AF7CE /* MVVMViewController.swift */ = {isa = PBXFileReference; fileEncoding = 4; lastKnownFileType = sourcecode.swift; path = MVVMViewController.swift; sourceTree = "<group>"; };
		E8CDF7ED212D5510003AF7CE /* FrameWorkRootViewController.swift */ = {isa = PBXFileReference; fileEncoding = 4; lastKnownFileType = sourcecode.swift; path = FrameWorkRootViewController.swift; sourceTree = "<group>"; };
		E8CDF7EF212D5510003AF7CE /* RXSwiftViewController.swift */ = {isa = PBXFileReference; fileEncoding = 4; lastKnownFileType = sourcecode.swift; path = RXSwiftViewController.swift; sourceTree = "<group>"; };
		F421608F89B9D10B07177371 /* Pods_JackzcBaseApp.framework */ = {isa = PBXFileReference; explicitFileType = wrapper.framework; includeInIndex = 0; path = Pods_JackzcBaseApp.framework; sourceTree = BUILT_PRODUCTS_DIR; };
/* End PBXFileReference section */

/* Begin PBXFrameworksBuildPhase section */
		E815AFD62111535F001E0E10 /* Frameworks */ = {
			isa = PBXFrameworksBuildPhase;
			buildActionMask = 2147483647;
			files = (
				6EA31896EE0823F379648CB7 /* Pods_JackzcBaseApp.framework in Frameworks */,
			);
			runOnlyForDeploymentPostprocessing = 0;
		};
		E815AFEA21115365001E0E10 /* Frameworks */ = {
			isa = PBXFrameworksBuildPhase;
			buildActionMask = 2147483647;
			files = (
			);
			runOnlyForDeploymentPostprocessing = 0;
		};
		E815AFF521115365001E0E10 /* Frameworks */ = {
			isa = PBXFrameworksBuildPhase;
			buildActionMask = 2147483647;
			files = (
			);
			runOnlyForDeploymentPostprocessing = 0;
		};
/* End PBXFrameworksBuildPhase section */

/* Begin PBXGroup section */
		7A0177FB21A02559000BC160 /* HybridApp技术 */ = {
			isa = PBXGroup;
			children = (
				7A01780221A293BC000BC160 /* Swift<->JS */,
				7A01780021A02B6B000BC160 /* HybridAppRootViewController.swift */,
			);
			path = "HybridApp技术";
			sourceTree = "<group>";
		};
		7A01780221A293BC000BC160 /* Swift<->JS */ = {
			isa = PBXGroup;
			children = (
				7A01780321A3BD6D000BC160 /* SJWebViewViewController.swift */,
			);
			path = "Swift<->JS";
			sourceTree = "<group>";
		};
		E396FE09BBA211E69A32118B /* Pods */ = {
			isa = PBXGroup;
			children = (
				CBDD4744814C30651F5A6CBC /* Pods-JackzcBaseApp.debug.xcconfig */,
				5FD8412DB98737F7EC290B87 /* Pods-JackzcBaseApp.release.xcconfig */,
			);
			name = Pods;
			sourceTree = "<group>";
		};
		E815AFD02111535F001E0E10 = {
			isa = PBXGroup;
			children = (
				E815AFDB2111535F001E0E10 /* JackzcBaseApp */,
				E815AFF021115365001E0E10 /* JackzcBaseAppTests */,
				E815AFFB21115365001E0E10 /* JackzcBaseAppUITests */,
				E815AFDA2111535F001E0E10 /* Products */,
				E396FE09BBA211E69A32118B /* Pods */,
				FD62EFB481B24A7045F34A76 /* Frameworks */,
			);
			sourceTree = "<group>";
		};
		E815AFDA2111535F001E0E10 /* Products */ = {
			isa = PBXGroup;
			children = (
				E815AFD92111535F001E0E10 /* JackzcBaseApp.app */,
				E815AFED21115365001E0E10 /* JackzcBaseAppTests.xctest */,
				E815AFF821115365001E0E10 /* JackzcBaseAppUITests.xctest */,
			);
			name = Products;
			sourceTree = "<group>";
		};
		E815AFDB2111535F001E0E10 /* JackzcBaseApp */ = {
			isa = PBXGroup;
			children = (
				E86FD00F212FAD4D00CEC9A1 /* Foundation+Category */,
				E86FD00E212FACF800CEC9A1 /* UIKit+Category */,
				E891FD67212E7D17003FD09D /* DesignPattern基础 */,
				E8CDF7EC212D5510003AF7CE /* FrameWork框架 */,
				E8CDF7CA212D5509003AF7CE /* Architecture架构 */,
				E846761521117B440042CC17 /* TableView系列 */,
				7A0177FB21A02559000BC160 /* HybridApp技术 */,
				E815AFDC2111535F001E0E10 /* AppDelegate.swift */,
				E815B00A211154B9001E0E10 /* AppRootViewController.swift */,
				E8467621211198F60042CC17 /* AppBaseNavigationController.swift */,
				E84676252111B1140042CC17 /* AppBaseViewController.swift */,
				E891FD6A212E8242003FD09D /* AppBaseRootViewController.swift */,
				E846761F211198110042CC17 /* JackzcBaseAppConst.swift */,
				E815AFE321115365001E0E10 /* Assets.xcassets */,
				E815AFE521115365001E0E10 /* LaunchScreen.storyboard */,
				E815AFE821115365001E0E10 /* Info.plist */,
			);
			path = JackzcBaseApp;
			sourceTree = "<group>";
		};
		E815AFF021115365001E0E10 /* JackzcBaseAppTests */ = {
			isa = PBXGroup;
			children = (
				E815AFF121115365001E0E10 /* JackzcBaseAppTests.swift */,
				E815AFF321115365001E0E10 /* Info.plist */,
			);
			path = JackzcBaseAppTests;
			sourceTree = "<group>";
		};
		E815AFFB21115365001E0E10 /* JackzcBaseAppUITests */ = {
			isa = PBXGroup;
			children = (
				E815AFFC21115365001E0E10 /* JackzcBaseAppUITests.swift */,
				E815AFFE21115365001E0E10 /* Info.plist */,
			);
			path = JackzcBaseAppUITests;
			sourceTree = "<group>";
		};
		E846761521117B440042CC17 /* TableView系列 */ = {
			isa = PBXGroup;
			children = (
				E846761C21118F550042CC17 /* VariousCellViewController */,
				E846761621117EF10042CC17 /* TableRootViewController.swift */,
			);
			path = "TableView系列";
			sourceTree = "<group>";
		};
		E846761C21118F550042CC17 /* VariousCellViewController */ = {
			isa = PBXGroup;
			children = (
				E846761D21118F750042CC17 /* VariousCellViewController.swift */,
				E846762321119DB50042CC17 /* VariousCellHandle.swift */,
				E86DA55321158EE100B468B4 /* Source.swift */,
			);
			path = VariousCellViewController;
			sourceTree = "<group>";
		};
		E86FD00E212FACF800CEC9A1 /* UIKit+Category */ = {
			isa = PBXGroup;
			children = (
				E86FD010212FADA100CEC9A1 /* UITableView+Extension.swift */,
			);
			path = "UIKit+Category";
			sourceTree = "<group>";
		};
		E86FD00F212FAD4D00CEC9A1 /* Foundation+Category */ = {
			isa = PBXGroup;
			children = (
				E86FD012212FADE200CEC9A1 /* String+Extension.swift */,
			);
			path = "Foundation+Category";
			sourceTree = "<group>";
		};
		E891FD67212E7D17003FD09D /* DesignPattern基础 */ = {
			isa = PBXGroup;
			children = (
				E891FD68212E7D9E003FD09D /* DesignPatternRootViewController.swift */,
				E891FD6C212E8886003FD09D /* Template */,
			);
			path = "DesignPattern基础";
			sourceTree = "<group>";
		};
		E891FD6C212E8886003FD09D /* Template */ = {
			isa = PBXGroup;
			children = (
				E891FD6D212E88B7003FD09D /* TemplatePatternViewController.swift */,
			);
			path = Template;
			sourceTree = "<group>";
		};
		E8CDF7CA212D5509003AF7CE /* Architecture架构 */ = {
			isa = PBXGroup;
			children = (
				E8CDF7CB212D5509003AF7CE /* ArchitectureRootViewController.swift */,
				E8CDF7CC212D5509003AF7CE /* MVC */,
				E8CDF7D0212D5509003AF7CE /* MVP */,
				E8CDF7D7212D5509003AF7CE /* MVVM */,
			);
			path = "Architecture架构";
			sourceTree = "<group>";
		};
		E8CDF7CC212D5509003AF7CE /* MVC */ = {
			isa = PBXGroup;
			children = (
				E8CDF7CD212D5509003AF7CE /* MVCModel.swift */,
				E8CDF7CE212D5509003AF7CE /* MVCTableViewCell.swift */,
				E8CDF7CF212D5509003AF7CE /* MVCViewController.swift */,
			);
			path = MVC;
			sourceTree = "<group>";
		};
		E8CDF7D0212D5509003AF7CE /* MVP */ = {
			isa = PBXGroup;
			children = (
				E8CDF7D1212D5509003AF7CE /* CommonDataSource.swift */,
				E8CDF7D2212D5509003AF7CE /* MVPDataSource.swift */,
				E8CDF7D3212D5509003AF7CE /* MVPModel.swift */,
				E8CDF7D4212D5509003AF7CE /* MVPPresent.swift */,
				E8CDF7D5212D5509003AF7CE /* MVPTableViewCell.swift */,
				E8CDF7D6212D5509003AF7CE /* MVPViewController.swift */,
			);
			path = MVP;
			sourceTree = "<group>";
		};
		E8CDF7D7212D5509003AF7CE /* MVVM */ = {
			isa = PBXGroup;
			children = (
				E8CDF7D8212D5509003AF7CE /* MVModel.swift */,
				E8CDF7D9212D5509003AF7CE /* MVTableViewCell.swift */,
				E8CDF7DA212D5509003AF7CE /* MVView.swift */,
				E8CDF7DB212D5509003AF7CE /* MVViewModel.swift */,
				E8CDF7DC212D5509003AF7CE /* MVVMViewController.swift */,
			);
			path = MVVM;
			sourceTree = "<group>";
		};
		E8CDF7EC212D5510003AF7CE /* FrameWork框架 */ = {
			isa = PBXGroup;
			children = (
				E8CDF7ED212D5510003AF7CE /* FrameWorkRootViewController.swift */,
				E8CDF7EE212D5510003AF7CE /* RXSwift */,
			);
			path = "FrameWork框架";
			sourceTree = "<group>";
		};
		E8CDF7EE212D5510003AF7CE /* RXSwift */ = {
			isa = PBXGroup;
			children = (
				E8CDF7EF212D5510003AF7CE /* RXSwiftViewController.swift */,
			);
			path = RXSwift;
			sourceTree = "<group>";
		};
		FD62EFB481B24A7045F34A76 /* Frameworks */ = {
			isa = PBXGroup;
			children = (
				F421608F89B9D10B07177371 /* Pods_JackzcBaseApp.framework */,
			);
			name = Frameworks;
			sourceTree = "<group>";
		};
/* End PBXGroup section */

/* Begin PBXNativeTarget section */
		E815AFD82111535F001E0E10 /* JackzcBaseApp */ = {
			isa = PBXNativeTarget;
			buildConfigurationList = E815B00121115365001E0E10 /* Build configuration list for PBXNativeTarget "JackzcBaseApp" */;
			buildPhases = (
				12C32487DA63DEB448773E72 /* [CP] Check Pods Manifest.lock */,
				E815AFD52111535F001E0E10 /* Sources */,
				E815AFD62111535F001E0E10 /* Frameworks */,
				E815AFD72111535F001E0E10 /* Resources */,
				EF5853DC6D23850FC08A64C4 /* [CP] Embed Pods Frameworks */,
			);
			buildRules = (
			);
			dependencies = (
			);
			name = JackzcBaseApp;
			productName = JackzcBaseApp;
			productReference = E815AFD92111535F001E0E10 /* JackzcBaseApp.app */;
			productType = "com.apple.product-type.application";
		};
		E815AFEC21115365001E0E10 /* JackzcBaseAppTests */ = {
			isa = PBXNativeTarget;
			buildConfigurationList = E815B00421115365001E0E10 /* Build configuration list for PBXNativeTarget "JackzcBaseAppTests" */;
			buildPhases = (
				E815AFE921115365001E0E10 /* Sources */,
				E815AFEA21115365001E0E10 /* Frameworks */,
				E815AFEB21115365001E0E10 /* Resources */,
			);
			buildRules = (
			);
			dependencies = (
				E815AFEF21115365001E0E10 /* PBXTargetDependency */,
			);
			name = JackzcBaseAppTests;
			productName = JackzcBaseAppTests;
			productReference = E815AFED21115365001E0E10 /* JackzcBaseAppTests.xctest */;
			productType = "com.apple.product-type.bundle.unit-test";
		};
		E815AFF721115365001E0E10 /* JackzcBaseAppUITests */ = {
			isa = PBXNativeTarget;
			buildConfigurationList = E815B00721115365001E0E10 /* Build configuration list for PBXNativeTarget "JackzcBaseAppUITests" */;
			buildPhases = (
				E815AFF421115365001E0E10 /* Sources */,
				E815AFF521115365001E0E10 /* Frameworks */,
				E815AFF621115365001E0E10 /* Resources */,
			);
			buildRules = (
			);
			dependencies = (
				E815AFFA21115365001E0E10 /* PBXTargetDependency */,
			);
			name = JackzcBaseAppUITests;
			productName = JackzcBaseAppUITests;
			productReference = E815AFF821115365001E0E10 /* JackzcBaseAppUITests.xctest */;
			productType = "com.apple.product-type.bundle.ui-testing";
		};
/* End PBXNativeTarget section */

/* Begin PBXProject section */
		E815AFD12111535F001E0E10 /* Project object */ = {
			isa = PBXProject;
			attributes = {
				LastSwiftUpdateCheck = 0940;
				LastUpgradeCheck = 0940;
				ORGANIZATIONNAME = silence;
				TargetAttributes = {
					E815AFD82111535F001E0E10 = {
						CreatedOnToolsVersion = 9.4.1;
						LastSwiftMigration = 1000;
					};
					E815AFEC21115365001E0E10 = {
						CreatedOnToolsVersion = 9.4.1;
						TestTargetID = E815AFD82111535F001E0E10;
					};
					E815AFF721115365001E0E10 = {
						CreatedOnToolsVersion = 9.4.1;
						TestTargetID = E815AFD82111535F001E0E10;
					};
				};
			};
			buildConfigurationList = E815AFD42111535F001E0E10 /* Build configuration list for PBXProject "JackzcBaseApp" */;
			compatibilityVersion = "Xcode 9.3";
			developmentRegion = en;
			hasScannedForEncodings = 0;
			knownRegions = (
				en,
				Base,
			);
			mainGroup = E815AFD02111535F001E0E10;
			productRefGroup = E815AFDA2111535F001E0E10 /* Products */;
			projectDirPath = "";
			projectRoot = "";
			targets = (
				E815AFD82111535F001E0E10 /* JackzcBaseApp */,
				E815AFEC21115365001E0E10 /* JackzcBaseAppTests */,
				E815AFF721115365001E0E10 /* JackzcBaseAppUITests */,
			);
		};
/* End PBXProject section */

/* Begin PBXResourcesBuildPhase section */
		E815AFD72111535F001E0E10 /* Resources */ = {
			isa = PBXResourcesBuildPhase;
			buildActionMask = 2147483647;
			files = (
				E815AFE721115365001E0E10 /* LaunchScreen.storyboard in Resources */,
				E815AFE421115365001E0E10 /* Assets.xcassets in Resources */,
			);
			runOnlyForDeploymentPostprocessing = 0;
		};
		E815AFEB21115365001E0E10 /* Resources */ = {
			isa = PBXResourcesBuildPhase;
			buildActionMask = 2147483647;
			files = (
			);
			runOnlyForDeploymentPostprocessing = 0;
		};
		E815AFF621115365001E0E10 /* Resources */ = {
			isa = PBXResourcesBuildPhase;
			buildActionMask = 2147483647;
			files = (
			);
			runOnlyForDeploymentPostprocessing = 0;
		};
/* End PBXResourcesBuildPhase section */

/* Begin PBXShellScriptBuildPhase section */
		12C32487DA63DEB448773E72 /* [CP] Check Pods Manifest.lock */ = {
			isa = PBXShellScriptBuildPhase;
			buildActionMask = 2147483647;
			files = (
			);
			inputPaths = (
				"${PODS_PODFILE_DIR_PATH}/Podfile.lock",
				"${PODS_ROOT}/Manifest.lock",
			);
			name = "[CP] Check Pods Manifest.lock";
			outputPaths = (
				"$(DERIVED_FILE_DIR)/Pods-JackzcBaseApp-checkManifestLockResult.txt",
			);
			runOnlyForDeploymentPostprocessing = 0;
			shellPath = /bin/sh;
			shellScript = "diff \"${PODS_PODFILE_DIR_PATH}/Podfile.lock\" \"${PODS_ROOT}/Manifest.lock\" > /dev/null\nif [ $? != 0 ] ; then\n    # print error to STDERR\n    echo \"error: The sandbox is not in sync with the Podfile.lock. Run 'pod install' or update your CocoaPods installation.\" >&2\n    exit 1\nfi\n# This output is used by Xcode 'outputs' to avoid re-running this script phase.\necho \"SUCCESS\" > \"${SCRIPT_OUTPUT_FILE_0}\"\n";
			showEnvVarsInLog = 0;
		};
		EF5853DC6D23850FC08A64C4 /* [CP] Embed Pods Frameworks */ = {
			isa = PBXShellScriptBuildPhase;
			buildActionMask = 2147483647;
			files = (
			);
			inputPaths = (
				"${SRCROOT}/Pods/Target Support Files/Pods-JackzcBaseApp/Pods-JackzcBaseApp-frameworks.sh",
				"${BUILT_PRODUCTS_DIR}/Alamofire/Alamofire.framework",
				"${BUILT_PRODUCTS_DIR}/BCColor/BCColor.framework",
				"${BUILT_PRODUCTS_DIR}/Kingfisher/Kingfisher.framework",
				"${BUILT_PRODUCTS_DIR}/RxCocoa/RxCocoa.framework",
				"${BUILT_PRODUCTS_DIR}/RxSwift/RxSwift.framework",
				"${BUILT_PRODUCTS_DIR}/SnapKit/SnapKit.framework",
				"${BUILT_PRODUCTS_DIR}/SwiftyJSON/SwiftyJSON.framework",
			);
			name = "[CP] Embed Pods Frameworks";
			outputPaths = (
				"${TARGET_BUILD_DIR}/${FRAMEWORKS_FOLDER_PATH}/Alamofire.framework",
				"${TARGET_BUILD_DIR}/${FRAMEWORKS_FOLDER_PATH}/BCColor.framework",
				"${TARGET_BUILD_DIR}/${FRAMEWORKS_FOLDER_PATH}/Kingfisher.framework",
				"${TARGET_BUILD_DIR}/${FRAMEWORKS_FOLDER_PATH}/RxCocoa.framework",
				"${TARGET_BUILD_DIR}/${FRAMEWORKS_FOLDER_PATH}/RxSwift.framework",
				"${TARGET_BUILD_DIR}/${FRAMEWORKS_FOLDER_PATH}/SnapKit.framework",
				"${TARGET_BUILD_DIR}/${FRAMEWORKS_FOLDER_PATH}/SwiftyJSON.framework",
			);
			runOnlyForDeploymentPostprocessing = 0;
			shellPath = /bin/sh;
			shellScript = "\"${SRCROOT}/Pods/Target Support Files/Pods-JackzcBaseApp/Pods-JackzcBaseApp-frameworks.sh\"\n";
			showEnvVarsInLog = 0;
		};
/* End PBXShellScriptBuildPhase section */

/* Begin PBXSourcesBuildPhase section */
		E815AFD52111535F001E0E10 /* Sources */ = {
			isa = PBXSourcesBuildPhase;
			buildActionMask = 2147483647;
			files = (
				E8467620211198110042CC17 /* JackzcBaseAppConst.swift in Sources */,
				E891FD6E212E88B7003FD09D /* TemplatePatternViewController.swift in Sources */,
				E8CDF7E2212D5509003AF7CE /* MVPDataSource.swift in Sources */,
				E84676262111B1140042CC17 /* AppBaseViewController.swift in Sources */,
				E8CDF7E0212D5509003AF7CE /* MVCViewController.swift in Sources */,
				E846762421119DB50042CC17 /* VariousCellHandle.swift in Sources */,
				7A01780121A02B6B000BC160 /* HybridAppRootViewController.swift in Sources */,
				7A01780421A3BD6D000BC160 /* SJWebViewViewController.swift in Sources */,
				E891FD69212E7D9E003FD09D /* DesignPatternRootViewController.swift in Sources */,
				E86FD013212FADE200CEC9A1 /* String+Extension.swift in Sources */,
				E8CDF7F0212D5510003AF7CE /* FrameWorkRootViewController.swift in Sources */,
				E8CDF7E5212D5509003AF7CE /* MVPTableViewCell.swift in Sources */,
				E815B00B211154B9001E0E10 /* AppRootViewController.swift in Sources */,
				E8467622211198F60042CC17 /* AppBaseNavigationController.swift in Sources */,
				E8CDF7EB212D5509003AF7CE /* MVVMViewController.swift in Sources */,
				E8CDF7E7212D5509003AF7CE /* MVModel.swift in Sources */,
				E86DA55421158EE100B468B4 /* Source.swift in Sources */,
				E8CDF7DF212D5509003AF7CE /* MVCTableViewCell.swift in Sources */,
				E8CDF7E9212D5509003AF7CE /* MVView.swift in Sources */,
				E8CDF7DE212D5509003AF7CE /* MVCModel.swift in Sources */,
				E86FD011212FADA100CEC9A1 /* UITableView+Extension.swift in Sources */,
				E8CDF7EA212D5509003AF7CE /* MVViewModel.swift in Sources */,
				E846761E21118F750042CC17 /* VariousCellViewController.swift in Sources */,
				E8CDF7DD212D5509003AF7CE /* ArchitectureRootViewController.swift in Sources */,
				E815AFDD2111535F001E0E10 /* AppDelegate.swift in Sources */,
				E8CDF7E3212D5509003AF7CE /* MVPModel.swift in Sources */,
				E891FD6B212E8242003FD09D /* AppBaseRootViewController.swift in Sources */,
				E8CDF7E8212D5509003AF7CE /* MVTableViewCell.swift in Sources */,
				E8CDF7E4212D5509003AF7CE /* MVPPresent.swift in Sources */,
				E846761721117EF10042CC17 /* TableRootViewController.swift in Sources */,
				E8CDF7E1212D5509003AF7CE /* CommonDataSource.swift in Sources */,
				E8CDF7F1212D5510003AF7CE /* RXSwiftViewController.swift in Sources */,
				E8CDF7E6212D5509003AF7CE /* MVPViewController.swift in Sources */,
			);
			runOnlyForDeploymentPostprocessing = 0;
		};
		E815AFE921115365001E0E10 /* Sources */ = {
			isa = PBXSourcesBuildPhase;
			buildActionMask = 2147483647;
			files = (
				E815AFF221115365001E0E10 /* JackzcBaseAppTests.swift in Sources */,
			);
			runOnlyForDeploymentPostprocessing = 0;
		};
		E815AFF421115365001E0E10 /* Sources */ = {
			isa = PBXSourcesBuildPhase;
			buildActionMask = 2147483647;
			files = (
				E815AFFD21115365001E0E10 /* JackzcBaseAppUITests.swift in Sources */,
			);
			runOnlyForDeploymentPostprocessing = 0;
		};
/* End PBXSourcesBuildPhase section */

/* Begin PBXTargetDependency section */
		E815AFEF21115365001E0E10 /* PBXTargetDependency */ = {
			isa = PBXTargetDependency;
			target = E815AFD82111535F001E0E10 /* JackzcBaseApp */;
			targetProxy = E815AFEE21115365001E0E10 /* PBXContainerItemProxy */;
		};
		E815AFFA21115365001E0E10 /* PBXTargetDependency */ = {
			isa = PBXTargetDependency;
			target = E815AFD82111535F001E0E10 /* JackzcBaseApp */;
			targetProxy = E815AFF921115365001E0E10 /* PBXContainerItemProxy */;
		};
/* End PBXTargetDependency section */

/* Begin PBXVariantGroup section */
		E815AFE521115365001E0E10 /* LaunchScreen.storyboard */ = {
			isa = PBXVariantGroup;
			children = (
				E815AFE621115365001E0E10 /* Base */,
			);
			name = LaunchScreen.storyboard;
			sourceTree = "<group>";
		};
/* End PBXVariantGroup section */

/* Begin XCBuildConfiguration section */
		E815AFFF21115365001E0E10 /* Debug */ = {
			isa = XCBuildConfiguration;
			buildSettings = {
				ALWAYS_SEARCH_USER_PATHS = NO;
				CLANG_ANALYZER_NONNULL = YES;
				CLANG_ANALYZER_NUMBER_OBJECT_CONVERSION = YES_AGGRESSIVE;
				CLANG_CXX_LANGUAGE_STANDARD = "gnu++14";
				CLANG_CXX_LIBRARY = "libc++";
				CLANG_ENABLE_MODULES = YES;
				CLANG_ENABLE_OBJC_ARC = YES;
				CLANG_ENABLE_OBJC_WEAK = YES;
				CLANG_WARN_BLOCK_CAPTURE_AUTORELEASING = YES;
				CLANG_WARN_BOOL_CONVERSION = YES;
				CLANG_WARN_COMMA = YES;
				CLANG_WARN_CONSTANT_CONVERSION = YES;
				CLANG_WARN_DEPRECATED_OBJC_IMPLEMENTATIONS = YES;
				CLANG_WARN_DIRECT_OBJC_ISA_USAGE = YES_ERROR;
				CLANG_WARN_DOCUMENTATION_COMMENTS = YES;
				CLANG_WARN_EMPTY_BODY = YES;
				CLANG_WARN_ENUM_CONVERSION = YES;
				CLANG_WARN_INFINITE_RECURSION = YES;
				CLANG_WARN_INT_CONVERSION = YES;
				CLANG_WARN_NON_LITERAL_NULL_CONVERSION = YES;
				CLANG_WARN_OBJC_IMPLICIT_RETAIN_SELF = YES;
				CLANG_WARN_OBJC_LITERAL_CONVERSION = YES;
				CLANG_WARN_OBJC_ROOT_CLASS = YES_ERROR;
				CLANG_WARN_RANGE_LOOP_ANALYSIS = YES;
				CLANG_WARN_STRICT_PROTOTYPES = YES;
				CLANG_WARN_SUSPICIOUS_MOVE = YES;
				CLANG_WARN_UNGUARDED_AVAILABILITY = YES_AGGRESSIVE;
				CLANG_WARN_UNREACHABLE_CODE = YES;
				CLANG_WARN__DUPLICATE_METHOD_MATCH = YES;
				CODE_SIGN_IDENTITY = "iPhone Developer";
				COPY_PHASE_STRIP = NO;
				DEBUG_INFORMATION_FORMAT = dwarf;
				ENABLE_STRICT_OBJC_MSGSEND = YES;
				ENABLE_TESTABILITY = YES;
				GCC_C_LANGUAGE_STANDARD = gnu11;
				GCC_DYNAMIC_NO_PIC = NO;
				GCC_NO_COMMON_BLOCKS = YES;
				GCC_OPTIMIZATION_LEVEL = 0;
				GCC_PREPROCESSOR_DEFINITIONS = (
					"DEBUG=1",
					"$(inherited)",
				);
				GCC_WARN_64_TO_32_BIT_CONVERSION = YES;
				GCC_WARN_ABOUT_RETURN_TYPE = YES_ERROR;
				GCC_WARN_UNDECLARED_SELECTOR = YES;
				GCC_WARN_UNINITIALIZED_AUTOS = YES_AGGRESSIVE;
				GCC_WARN_UNUSED_FUNCTION = YES;
				GCC_WARN_UNUSED_VARIABLE = YES;
				IPHONEOS_DEPLOYMENT_TARGET = 11.4;
				MTL_ENABLE_DEBUG_INFO = YES;
				ONLY_ACTIVE_ARCH = YES;
				SDKROOT = iphoneos;
				SWIFT_ACTIVE_COMPILATION_CONDITIONS = DEBUG;
				SWIFT_OPTIMIZATION_LEVEL = "-Onone";
				SWIFT_VERSION = "";
			};
			name = Debug;
		};
		E815B00021115365001E0E10 /* Release */ = {
			isa = XCBuildConfiguration;
			buildSettings = {
				ALWAYS_SEARCH_USER_PATHS = NO;
				CLANG_ANALYZER_NONNULL = YES;
				CLANG_ANALYZER_NUMBER_OBJECT_CONVERSION = YES_AGGRESSIVE;
				CLANG_CXX_LANGUAGE_STANDARD = "gnu++14";
				CLANG_CXX_LIBRARY = "libc++";
				CLANG_ENABLE_MODULES = YES;
				CLANG_ENABLE_OBJC_ARC = YES;
				CLANG_ENABLE_OBJC_WEAK = YES;
				CLANG_WARN_BLOCK_CAPTURE_AUTORELEASING = YES;
				CLANG_WARN_BOOL_CONVERSION = YES;
				CLANG_WARN_COMMA = YES;
				CLANG_WARN_CONSTANT_CONVERSION = YES;
				CLANG_WARN_DEPRECATED_OBJC_IMPLEMENTATIONS = YES;
				CLANG_WARN_DIRECT_OBJC_ISA_USAGE = YES_ERROR;
				CLANG_WARN_DOCUMENTATION_COMMENTS = YES;
				CLANG_WARN_EMPTY_BODY = YES;
				CLANG_WARN_ENUM_CONVERSION = YES;
				CLANG_WARN_INFINITE_RECURSION = YES;
				CLANG_WARN_INT_CONVERSION = YES;
				CLANG_WARN_NON_LITERAL_NULL_CONVERSION = YES;
				CLANG_WARN_OBJC_IMPLICIT_RETAIN_SELF = YES;
				CLANG_WARN_OBJC_LITERAL_CONVERSION = YES;
				CLANG_WARN_OBJC_ROOT_CLASS = YES_ERROR;
				CLANG_WARN_RANGE_LOOP_ANALYSIS = YES;
				CLANG_WARN_STRICT_PROTOTYPES = YES;
				CLANG_WARN_SUSPICIOUS_MOVE = YES;
				CLANG_WARN_UNGUARDED_AVAILABILITY = YES_AGGRESSIVE;
				CLANG_WARN_UNREACHABLE_CODE = YES;
				CLANG_WARN__DUPLICATE_METHOD_MATCH = YES;
				CODE_SIGN_IDENTITY = "iPhone Developer";
				COPY_PHASE_STRIP = NO;
				DEBUG_INFORMATION_FORMAT = "dwarf-with-dsym";
				ENABLE_NS_ASSERTIONS = NO;
				ENABLE_STRICT_OBJC_MSGSEND = YES;
				GCC_C_LANGUAGE_STANDARD = gnu11;
				GCC_NO_COMMON_BLOCKS = YES;
				GCC_WARN_64_TO_32_BIT_CONVERSION = YES;
				GCC_WARN_ABOUT_RETURN_TYPE = YES_ERROR;
				GCC_WARN_UNDECLARED_SELECTOR = YES;
				GCC_WARN_UNINITIALIZED_AUTOS = YES_AGGRESSIVE;
				GCC_WARN_UNUSED_FUNCTION = YES;
				GCC_WARN_UNUSED_VARIABLE = YES;
				IPHONEOS_DEPLOYMENT_TARGET = 11.4;
				MTL_ENABLE_DEBUG_INFO = NO;
				SDKROOT = iphoneos;
				SWIFT_COMPILATION_MODE = wholemodule;
				SWIFT_OPTIMIZATION_LEVEL = "-O";
				SWIFT_VERSION = "";
				VALIDATE_PRODUCT = YES;
			};
			name = Release;
		};
		E815B00221115365001E0E10 /* Debug */ = {
			isa = XCBuildConfiguration;
			baseConfigurationReference = CBDD4744814C30651F5A6CBC /* Pods-JackzcBaseApp.debug.xcconfig */;
			buildSettings = {
				ASSETCATALOG_COMPILER_APPICON_NAME = AppIcon;
				ASSETCATALOG_COMPILER_LAUNCHIMAGE_NAME = LaunchImage;
				CLANG_ENABLE_MODULES = YES;
				CODE_SIGN_STYLE = Automatic;
				DEVELOPMENT_TEAM = GF3FXM58ZE;
				INFOPLIST_FILE = JackzcBaseApp/Info.plist;
				IPHONEOS_DEPLOYMENT_TARGET = 9.0;
				LD_RUNPATH_SEARCH_PATHS = (
					"$(inherited)",
					"@executable_path/Frameworks",
				);
				PRODUCT_BUNDLE_IDENTIFIER = com.zc.moyu.JackzcBaseApp;
				PRODUCT_NAME = "$(TARGET_NAME)";
				SWIFT_VERSION = 4.0;
				TARGETED_DEVICE_FAMILY = 1;
			};
			name = Debug;
		};
		E815B00321115365001E0E10 /* Release */ = {
			isa = XCBuildConfiguration;
			baseConfigurationReference = 5FD8412DB98737F7EC290B87 /* Pods-JackzcBaseApp.release.xcconfig */;
			buildSettings = {
				ASSETCATALOG_COMPILER_APPICON_NAME = AppIcon;
				ASSETCATALOG_COMPILER_LAUNCHIMAGE_NAME = LaunchImage;
				CLANG_ENABLE_MODULES = YES;
				CODE_SIGN_STYLE = Automatic;
				DEVELOPMENT_TEAM = GF3FXM58ZE;
				INFOPLIST_FILE = JackzcBaseApp/Info.plist;
				IPHONEOS_DEPLOYMENT_TARGET = 9.0;
				LD_RUNPATH_SEARCH_PATHS = (
					"$(inherited)",
					"@executable_path/Frameworks",
				);
				PRODUCT_BUNDLE_IDENTIFIER = com.zc.moyu.JackzcBaseApp;
				PRODUCT_NAME = "$(TARGET_NAME)";
				SWIFT_VERSION = 4.0;
				TARGETED_DEVICE_FAMILY = 1;
			};
			name = Release;
		};
		E815B00521115365001E0E10 /* Debug */ = {
			isa = XCBuildConfiguration;
			buildSettings = {
				ALWAYS_EMBED_SWIFT_STANDARD_LIBRARIES = YES;
				BUNDLE_LOADER = "$(TEST_HOST)";
				CODE_SIGN_STYLE = Automatic;
				INFOPLIST_FILE = JackzcBaseAppTests/Info.plist;
				LD_RUNPATH_SEARCH_PATHS = (
					"$(inherited)",
					"@executable_path/Frameworks",
					"@loader_path/Frameworks",
				);
				PRODUCT_BUNDLE_IDENTIFIER = com.zc.moyu.JackzcBaseAppTests;
				PRODUCT_NAME = "$(TARGET_NAME)";
				SWIFT_VERSION = 4.0;
				TARGETED_DEVICE_FAMILY = "1,2";
				TEST_HOST = "$(BUILT_PRODUCTS_DIR)/JackzcBaseApp.app/JackzcBaseApp";
			};
			name = Debug;
		};
		E815B00621115365001E0E10 /* Release */ = {
			isa = XCBuildConfiguration;
			buildSettings = {
				ALWAYS_EMBED_SWIFT_STANDARD_LIBRARIES = YES;
				BUNDLE_LOADER = "$(TEST_HOST)";
				CODE_SIGN_STYLE = Automatic;
				INFOPLIST_FILE = JackzcBaseAppTests/Info.plist;
				LD_RUNPATH_SEARCH_PATHS = (
					"$(inherited)",
					"@executable_path/Frameworks",
					"@loader_path/Frameworks",
				);
				PRODUCT_BUNDLE_IDENTIFIER = com.zc.moyu.JackzcBaseAppTests;
				PRODUCT_NAME = "$(TARGET_NAME)";
				SWIFT_VERSION = 4.0;
				TARGETED_DEVICE_FAMILY = "1,2";
				TEST_HOST = "$(BUILT_PRODUCTS_DIR)/JackzcBaseApp.app/JackzcBaseApp";
			};
			name = Release;
		};
		E815B00821115365001E0E10 /* Debug */ = {
			isa = XCBuildConfiguration;
			buildSettings = {
				ALWAYS_EMBED_SWIFT_STANDARD_LIBRARIES = YES;
				CODE_SIGN_STYLE = Automatic;
				INFOPLIST_FILE = JackzcBaseAppUITests/Info.plist;
				LD_RUNPATH_SEARCH_PATHS = (
					"$(inherited)",
					"@executable_path/Frameworks",
					"@loader_path/Frameworks",
				);
				PRODUCT_BUNDLE_IDENTIFIER = com.zc.moyu.JackzcBaseAppUITests;
				PRODUCT_NAME = "$(TARGET_NAME)";
				SWIFT_VERSION = 4.0;
				TARGETED_DEVICE_FAMILY = "1,2";
				TEST_TARGET_NAME = JackzcBaseApp;
			};
			name = Debug;
		};
		E815B00921115365001E0E10 /* Release */ = {
			isa = XCBuildConfiguration;
			buildSettings = {
				ALWAYS_EMBED_SWIFT_STANDARD_LIBRARIES = YES;
				CODE_SIGN_STYLE = Automatic;
				INFOPLIST_FILE = JackzcBaseAppUITests/Info.plist;
				LD_RUNPATH_SEARCH_PATHS = (
					"$(inherited)",
					"@executable_path/Frameworks",
					"@loader_path/Frameworks",
				);
				PRODUCT_BUNDLE_IDENTIFIER = com.zc.moyu.JackzcBaseAppUITests;
				PRODUCT_NAME = "$(TARGET_NAME)";
				SWIFT_VERSION = 4.0;
				TARGETED_DEVICE_FAMILY = "1,2";
				TEST_TARGET_NAME = JackzcBaseApp;
			};
			name = Release;
		};
/* End XCBuildConfiguration section */

/* Begin XCConfigurationList section */
		E815AFD42111535F001E0E10 /* Build configuration list for PBXProject "JackzcBaseApp" */ = {
			isa = XCConfigurationList;
			buildConfigurations = (
				E815AFFF21115365001E0E10 /* Debug */,
				E815B00021115365001E0E10 /* Release */,
			);
			defaultConfigurationIsVisible = 0;
			defaultConfigurationName = Release;
		};
		E815B00121115365001E0E10 /* Build configuration list for PBXNativeTarget "JackzcBaseApp" */ = {
			isa = XCConfigurationList;
			buildConfigurations = (
				E815B00221115365001E0E10 /* Debug */,
				E815B00321115365001E0E10 /* Release */,
			);
			defaultConfigurationIsVisible = 0;
			defaultConfigurationName = Release;
		};
		E815B00421115365001E0E10 /* Build configuration list for PBXNativeTarget "JackzcBaseAppTests" */ = {
			isa = XCConfigurationList;
			buildConfigurations = (
				E815B00521115365001E0E10 /* Debug */,
				E815B00621115365001E0E10 /* Release */,
			);
			defaultConfigurationIsVisible = 0;
			defaultConfigurationName = Release;
		};
		E815B00721115365001E0E10 /* Build configuration list for PBXNativeTarget "JackzcBaseAppUITests" */ = {
			isa = XCConfigurationList;
			buildConfigurations = (
				E815B00821115365001E0E10 /* Debug */,
				E815B00921115365001E0E10 /* Release */,
			);
			defaultConfigurationIsVisible = 0;
			defaultConfigurationName = Release;
		};
/* End XCConfigurationList section */
	};
	rootObject = E815AFD12111535F001E0E10 /* Project object */;
}
